// !$*UTF8*$!
{
	archiveVersion = 1;
	classes = {
	};
	objectVersion = 56;
	objects = {

/* Begin PBXBuildFile section */
		953B1B4F2B99BCEB002786E9 /* AppState.swift in Sources */ = {isa = PBXBuildFile; fileRef = 953B1B4E2B99BCEB002786E9 /* AppState.swift */; };
		953B1B522B99D26C002786E9 /* RewardsView.swift in Sources */ = {isa = PBXBuildFile; fileRef = 953B1B512B99D26C002786E9 /* RewardsView.swift */; };
		95CF5DE92B991F0200F5AB7E /* BlooApp.swift in Sources */ = {isa = PBXBuildFile; fileRef = 95CF5DE82B991F0200F5AB7E /* BlooApp.swift */; };
		95CF5DEB2B991F0200F5AB7E /* ContentView.swift in Sources */ = {isa = PBXBuildFile; fileRef = 95CF5DEA2B991F0200F5AB7E /* ContentView.swift */; };
		95CF5DED2B991F0400F5AB7E /* Assets.xcassets in Resources */ = {isa = PBXBuildFile; fileRef = 95CF5DEC2B991F0400F5AB7E /* Assets.xcassets */; };
		95CF5DF12B991F0400F5AB7E /* Preview Assets.xcassets in Resources */ = {isa = PBXBuildFile; fileRef = 95CF5DF02B991F0400F5AB7E /* Preview Assets.xcassets */; };
		95CF5DFB2B991F0400F5AB7E /* BlooTests.swift in Sources */ = {isa = PBXBuildFile; fileRef = 95CF5DFA2B991F0400F5AB7E /* BlooTests.swift */; };
		95CF5E052B991F0400F5AB7E /* BlooUITests.swift in Sources */ = {isa = PBXBuildFile; fileRef = 95CF5E042B991F0400F5AB7E /* BlooUITests.swift */; };
		95CF5E072B991F0400F5AB7E /* BlooUITestsLaunchTests.swift in Sources */ = {isa = PBXBuildFile; fileRef = 95CF5E062B991F0400F5AB7E /* BlooUITestsLaunchTests.swift */; };
		95CF5E162B9934BF00F5AB7E /* HomeView.swift in Sources */ = {isa = PBXBuildFile; fileRef = 95CF5E152B9934BF00F5AB7E /* HomeView.swift */; };
		95CF5E182B99454000F5AB7E /* WashDisherView.swift in Sources */ = {isa = PBXBuildFile; fileRef = 95CF5E172B99454000F5AB7E /* WashDisherView.swift */; };
		95CF5E1C2B99808B00F5AB7E /* MapView.swift in Sources */ = {isa = PBXBuildFile; fileRef = 95CF5E1B2B99808B00F5AB7E /* MapView.swift */; };
		95CF5E1E2B99816000F5AB7E /* SettingsView.swift in Sources */ = {isa = PBXBuildFile; fileRef = 95CF5E1D2B99816000F5AB7E /* SettingsView.swift */; };
		95CF5E222B9994CF00F5AB7E /* ProfileView.swift in Sources */ = {isa = PBXBuildFile; fileRef = 95CF5E212B9994CF00F5AB7E /* ProfileView.swift */; };
		95CF5E242B999D5500F5AB7E /* MainTabbedView.swift in Sources */ = {isa = PBXBuildFile; fileRef = 95CF5E232B999D5500F5AB7E /* MainTabbedView.swift */; };
/* End PBXBuildFile section */

/* Begin PBXContainerItemProxy section */
		95CF5DF72B991F0400F5AB7E /* PBXContainerItemProxy */ = {
			isa = PBXContainerItemProxy;
			containerPortal = 95CF5DDD2B991F0200F5AB7E /* Project object */;
			proxyType = 1;
			remoteGlobalIDString = 95CF5DE42B991F0200F5AB7E;
			remoteInfo = Bloo;
		};
		95CF5E012B991F0400F5AB7E /* PBXContainerItemProxy */ = {
			isa = PBXContainerItemProxy;
			containerPortal = 95CF5DDD2B991F0200F5AB7E /* Project object */;
			proxyType = 1;
			remoteGlobalIDString = 95CF5DE42B991F0200F5AB7E;
			remoteInfo = Bloo;
		};
/* End PBXContainerItemProxy section */

/* Begin PBXFileReference section */
		953B1B4C2B99AE08002786E9 /* Info.plist */ = {isa = PBXFileReference; lastKnownFileType = text.plist; path = Info.plist; sourceTree = "<group>"; };
		953B1B4E2B99BCEB002786E9 /* AppState.swift */ = {isa = PBXFileReference; lastKnownFileType = sourcecode.swift; path = AppState.swift; sourceTree = "<group>"; };
		953B1B512B99D26C002786E9 /* RewardsView.swift */ = {isa = PBXFileReference; lastKnownFileType = sourcecode.swift; path = RewardsView.swift; sourceTree = "<group>"; };
		95CF5DE52B991F0200F5AB7E /* Bloo.app */ = {isa = PBXFileReference; explicitFileType = wrapper.application; includeInIndex = 0; path = Bloo.app; sourceTree = BUILT_PRODUCTS_DIR; };
		95CF5DE82B991F0200F5AB7E /* BlooApp.swift */ = {isa = PBXFileReference; lastKnownFileType = sourcecode.swift; path = BlooApp.swift; sourceTree = "<group>"; };
		95CF5DEA2B991F0200F5AB7E /* ContentView.swift */ = {isa = PBXFileReference; lastKnownFileType = sourcecode.swift; path = ContentView.swift; sourceTree = "<group>"; };
		95CF5DEC2B991F0400F5AB7E /* Assets.xcassets */ = {isa = PBXFileReference; lastKnownFileType = folder.assetcatalog; path = Assets.xcassets; sourceTree = "<group>"; };
		95CF5DEE2B991F0400F5AB7E /* Bloo.entitlements */ = {isa = PBXFileReference; lastKnownFileType = text.plist.entitlements; path = Bloo.entitlements; sourceTree = "<group>"; };
		95CF5DF02B991F0400F5AB7E /* Preview Assets.xcassets */ = {isa = PBXFileReference; lastKnownFileType = folder.assetcatalog; path = "Preview Assets.xcassets"; sourceTree = "<group>"; };
		95CF5DF62B991F0400F5AB7E /* BlooTests.xctest */ = {isa = PBXFileReference; explicitFileType = wrapper.cfbundle; includeInIndex = 0; path = BlooTests.xctest; sourceTree = BUILT_PRODUCTS_DIR; };
		95CF5DFA2B991F0400F5AB7E /* BlooTests.swift */ = {isa = PBXFileReference; lastKnownFileType = sourcecode.swift; path = BlooTests.swift; sourceTree = "<group>"; };
		95CF5E002B991F0400F5AB7E /* BlooUITests.xctest */ = {isa = PBXFileReference; explicitFileType = wrapper.cfbundle; includeInIndex = 0; path = BlooUITests.xctest; sourceTree = BUILT_PRODUCTS_DIR; };
		95CF5E042B991F0400F5AB7E /* BlooUITests.swift */ = {isa = PBXFileReference; lastKnownFileType = sourcecode.swift; path = BlooUITests.swift; sourceTree = "<group>"; };
		95CF5E062B991F0400F5AB7E /* BlooUITestsLaunchTests.swift */ = {isa = PBXFileReference; lastKnownFileType = sourcecode.swift; path = BlooUITestsLaunchTests.swift; sourceTree = "<group>"; };
		95CF5E152B9934BF00F5AB7E /* HomeView.swift */ = {isa = PBXFileReference; lastKnownFileType = sourcecode.swift; path = HomeView.swift; sourceTree = "<group>"; };
		95CF5E172B99454000F5AB7E /* WashDisherView.swift */ = {isa = PBXFileReference; lastKnownFileType = sourcecode.swift; path = WashDisherView.swift; sourceTree = "<group>"; };
		95CF5E1B2B99808B00F5AB7E /* MapView.swift */ = {isa = PBXFileReference; lastKnownFileType = sourcecode.swift; path = MapView.swift; sourceTree = "<group>"; };
		95CF5E1D2B99816000F5AB7E /* SettingsView.swift */ = {isa = PBXFileReference; lastKnownFileType = sourcecode.swift; path = SettingsView.swift; sourceTree = "<group>"; };
		95CF5E212B9994CF00F5AB7E /* ProfileView.swift */ = {isa = PBXFileReference; lastKnownFileType = sourcecode.swift; path = ProfileView.swift; sourceTree = "<group>"; };
		95CF5E232B999D5500F5AB7E /* MainTabbedView.swift */ = {isa = PBXFileReference; lastKnownFileType = sourcecode.swift; path = MainTabbedView.swift; sourceTree = "<group>"; };
		C37A96282B99FD17003F6F22 /* Lato-Regular.ttf */ = {isa = PBXFileReference; lastKnownFileType = file; path = "Lato-Regular.ttf"; sourceTree = "<group>"; };
		C37A96292B99FD17003F6F22 /* Lato-Bold.ttf */ = {isa = PBXFileReference; lastKnownFileType = file; path = "Lato-Bold.ttf"; sourceTree = "<group>"; };
		C37A962A2B99FD2B003F6F22 /* Roboto-Bold.ttf */ = {isa = PBXFileReference; lastKnownFileType = file; path = "Roboto-Bold.ttf"; sourceTree = "<group>"; };
		C37A962B2B99FD2B003F6F22 /* Roboto-Regular.ttf */ = {isa = PBXFileReference; lastKnownFileType = file; path = "Roboto-Regular.ttf"; sourceTree = "<group>"; };
/* End PBXFileReference section */

/* Begin PBXFrameworksBuildPhase section */
		95CF5DE22B991F0200F5AB7E /* Frameworks */ = {
			isa = PBXFrameworksBuildPhase;
			buildActionMask = 2147483647;
			files = (
			);
			runOnlyForDeploymentPostprocessing = 0;
		};
		95CF5DF32B991F0400F5AB7E /* Frameworks */ = {
			isa = PBXFrameworksBuildPhase;
			buildActionMask = 2147483647;
			files = (
			);
			runOnlyForDeploymentPostprocessing = 0;
		};
		95CF5DFD2B991F0400F5AB7E /* Frameworks */ = {
			isa = PBXFrameworksBuildPhase;
			buildActionMask = 2147483647;
			files = (
			);
			runOnlyForDeploymentPostprocessing = 0;
		};
/* End PBXFrameworksBuildPhase section */

/* Begin PBXGroup section */
		953B1B432B99ADBA002786E9 /* fonts */ = {
			isa = PBXGroup;
			children = (
				C37A962A2B99FD2B003F6F22 /* Roboto-Bold.ttf */,
				C37A962B2B99FD2B003F6F22 /* Roboto-Regular.ttf */,
				C37A96292B99FD17003F6F22 /* Lato-Bold.ttf */,
				C37A96282B99FD17003F6F22 /* Lato-Regular.ttf */,
			);
			path = fonts;
			sourceTree = "<group>";
		};
		953B1B4D2B99BCCD002786E9 /* AppStates */ = {
			isa = PBXGroup;
			children = (
				953B1B4E2B99BCEB002786E9 /* AppState.swift */,
			);
			path = AppStates;
			sourceTree = "<group>";
		};
		95CF5DDC2B991F0200F5AB7E = {
			isa = PBXGroup;
			children = (
				953B1B4D2B99BCCD002786E9 /* AppStates */,
				953B1B432B99ADBA002786E9 /* fonts */,
				95CF5DE72B991F0200F5AB7E /* Bloo */,
				95CF5DF92B991F0400F5AB7E /* BlooTests */,
				95CF5E032B991F0400F5AB7E /* BlooUITests */,
				95CF5DE62B991F0200F5AB7E /* Products */,
			);
			sourceTree = "<group>";
		};
		95CF5DE62B991F0200F5AB7E /* Products */ = {
			isa = PBXGroup;
			children = (
				95CF5DE52B991F0200F5AB7E /* Bloo.app */,
				95CF5DF62B991F0400F5AB7E /* BlooTests.xctest */,
				95CF5E002B991F0400F5AB7E /* BlooUITests.xctest */,
			);
			name = Products;
			sourceTree = "<group>";
		};
		95CF5DE72B991F0200F5AB7E /* Bloo */ = {
			isa = PBXGroup;
			children = (
				953B1B4C2B99AE08002786E9 /* Info.plist */,
				95CF5DE82B991F0200F5AB7E /* BlooApp.swift */,
				95CF5E152B9934BF00F5AB7E /* HomeView.swift */,
				95CF5DEA2B991F0200F5AB7E /* ContentView.swift */,
				95CF5E172B99454000F5AB7E /* WashDisherView.swift */,
				95CF5E232B999D5500F5AB7E /* MainTabbedView.swift */,
				95CF5E212B9994CF00F5AB7E /* ProfileView.swift */,
				953B1B512B99D26C002786E9 /* RewardsView.swift */,
				95CF5E1D2B99816000F5AB7E /* SettingsView.swift */,
				95CF5E1B2B99808B00F5AB7E /* MapView.swift */,
				95CF5DEC2B991F0400F5AB7E /* Assets.xcassets */,
				95CF5DEE2B991F0400F5AB7E /* Bloo.entitlements */,
				95CF5DEF2B991F0400F5AB7E /* Preview Content */,
			);
			path = Bloo;
			sourceTree = "<group>";
		};
		95CF5DEF2B991F0400F5AB7E /* Preview Content */ = {
			isa = PBXGroup;
			children = (
				95CF5DF02B991F0400F5AB7E /* Preview Assets.xcassets */,
			);
			path = "Preview Content";
			sourceTree = "<group>";
		};
		95CF5DF92B991F0400F5AB7E /* BlooTests */ = {
			isa = PBXGroup;
			children = (
				95CF5DFA2B991F0400F5AB7E /* BlooTests.swift */,
			);
			path = BlooTests;
			sourceTree = "<group>";
		};
		95CF5E032B991F0400F5AB7E /* BlooUITests */ = {
			isa = PBXGroup;
			children = (
				95CF5E042B991F0400F5AB7E /* BlooUITests.swift */,
				95CF5E062B991F0400F5AB7E /* BlooUITestsLaunchTests.swift */,
			);
			path = BlooUITests;
			sourceTree = "<group>";
		};
/* End PBXGroup section */

/* Begin PBXNativeTarget section */
		95CF5DE42B991F0200F5AB7E /* Bloo */ = {
			isa = PBXNativeTarget;
			buildConfigurationList = 95CF5E0A2B991F0400F5AB7E /* Build configuration list for PBXNativeTarget "Bloo" */;
			buildPhases = (
				95CF5DE12B991F0200F5AB7E /* Sources */,
				95CF5DE22B991F0200F5AB7E /* Frameworks */,
				95CF5DE32B991F0200F5AB7E /* Resources */,
			);
			buildRules = (
			);
			dependencies = (
			);
			name = Bloo;
			productName = Bloo;
			productReference = 95CF5DE52B991F0200F5AB7E /* Bloo.app */;
			productType = "com.apple.product-type.application";
		};
		95CF5DF52B991F0400F5AB7E /* BlooTests */ = {
			isa = PBXNativeTarget;
			buildConfigurationList = 95CF5E0D2B991F0400F5AB7E /* Build configuration list for PBXNativeTarget "BlooTests" */;
			buildPhases = (
				95CF5DF22B991F0400F5AB7E /* Sources */,
				95CF5DF32B991F0400F5AB7E /* Frameworks */,
				95CF5DF42B991F0400F5AB7E /* Resources */,
			);
			buildRules = (
			);
			dependencies = (
				95CF5DF82B991F0400F5AB7E /* PBXTargetDependency */,
			);
			name = BlooTests;
			productName = BlooTests;
			productReference = 95CF5DF62B991F0400F5AB7E /* BlooTests.xctest */;
			productType = "com.apple.product-type.bundle.unit-test";
		};
		95CF5DFF2B991F0400F5AB7E /* BlooUITests */ = {
			isa = PBXNativeTarget;
			buildConfigurationList = 95CF5E102B991F0400F5AB7E /* Build configuration list for PBXNativeTarget "BlooUITests" */;
			buildPhases = (
				95CF5DFC2B991F0400F5AB7E /* Sources */,
				95CF5DFD2B991F0400F5AB7E /* Frameworks */,
				95CF5DFE2B991F0400F5AB7E /* Resources */,
			);
			buildRules = (
			);
			dependencies = (
				95CF5E022B991F0400F5AB7E /* PBXTargetDependency */,
			);
			name = BlooUITests;
			productName = BlooUITests;
			productReference = 95CF5E002B991F0400F5AB7E /* BlooUITests.xctest */;
			productType = "com.apple.product-type.bundle.ui-testing";
		};
/* End PBXNativeTarget section */

/* Begin PBXProject section */
		95CF5DDD2B991F0200F5AB7E /* Project object */ = {
			isa = PBXProject;
			attributes = {
				BuildIndependentTargetsInParallel = 1;
				LastSwiftUpdateCheck = 1500;
				LastUpgradeCheck = 1510;
				TargetAttributes = {
					95CF5DE42B991F0200F5AB7E = {
						CreatedOnToolsVersion = 15.0.1;
					};
					95CF5DF52B991F0400F5AB7E = {
						CreatedOnToolsVersion = 15.0.1;
						TestTargetID = 95CF5DE42B991F0200F5AB7E;
					};
					95CF5DFF2B991F0400F5AB7E = {
						CreatedOnToolsVersion = 15.0.1;
						TestTargetID = 95CF5DE42B991F0200F5AB7E;
					};
				};
			};
			buildConfigurationList = 95CF5DE02B991F0200F5AB7E /* Build configuration list for PBXProject "Bloo" */;
			compatibilityVersion = "Xcode 14.0";
			developmentRegion = en;
			hasScannedForEncodings = 0;
			knownRegions = (
				en,
				Base,
			);
			mainGroup = 95CF5DDC2B991F0200F5AB7E;
			packageReferences = (
			);
			productRefGroup = 95CF5DE62B991F0200F5AB7E /* Products */;
			projectDirPath = "";
			projectRoot = "";
			targets = (
				95CF5DE42B991F0200F5AB7E /* Bloo */,
				95CF5DF52B991F0400F5AB7E /* BlooTests */,
				95CF5DFF2B991F0400F5AB7E /* BlooUITests */,
			);
		};
/* End PBXProject section */

/* Begin PBXResourcesBuildPhase section */
		95CF5DE32B991F0200F5AB7E /* Resources */ = {
			isa = PBXResourcesBuildPhase;
			buildActionMask = 2147483647;
			files = (
				95CF5DF12B991F0400F5AB7E /* Preview Assets.xcassets in Resources */,
				95CF5DED2B991F0400F5AB7E /* Assets.xcassets in Resources */,
			);
			runOnlyForDeploymentPostprocessing = 0;
		};
		95CF5DF42B991F0400F5AB7E /* Resources */ = {
			isa = PBXResourcesBuildPhase;
			buildActionMask = 2147483647;
			files = (
			);
			runOnlyForDeploymentPostprocessing = 0;
		};
		95CF5DFE2B991F0400F5AB7E /* Resources */ = {
			isa = PBXResourcesBuildPhase;
			buildActionMask = 2147483647;
			files = (
			);
			runOnlyForDeploymentPostprocessing = 0;
		};
/* End PBXResourcesBuildPhase section */

/* Begin PBXSourcesBuildPhase section */
		95CF5DE12B991F0200F5AB7E /* Sources */ = {
			isa = PBXSourcesBuildPhase;
			buildActionMask = 2147483647;
			files = (
				95CF5E1E2B99816000F5AB7E /* SettingsView.swift in Sources */,
				95CF5E242B999D5500F5AB7E /* MainTabbedView.swift in Sources */,
				95CF5E222B9994CF00F5AB7E /* ProfileView.swift in Sources */,
				953B1B522B99D26C002786E9 /* RewardsView.swift in Sources */,
				953B1B4F2B99BCEB002786E9 /* AppState.swift in Sources */,
				95CF5E182B99454000F5AB7E /* WashDisherView.swift in Sources */,
				95CF5E1C2B99808B00F5AB7E /* MapView.swift in Sources */,
				95CF5E162B9934BF00F5AB7E /* HomeView.swift in Sources */,
				95CF5DEB2B991F0200F5AB7E /* ContentView.swift in Sources */,
				95CF5DE92B991F0200F5AB7E /* BlooApp.swift in Sources */,
			);
			runOnlyForDeploymentPostprocessing = 0;
		};
		95CF5DF22B991F0400F5AB7E /* Sources */ = {
			isa = PBXSourcesBuildPhase;
			buildActionMask = 2147483647;
			files = (
				95CF5DFB2B991F0400F5AB7E /* BlooTests.swift in Sources */,
			);
			runOnlyForDeploymentPostprocessing = 0;
		};
		95CF5DFC2B991F0400F5AB7E /* Sources */ = {
			isa = PBXSourcesBuildPhase;
			buildActionMask = 2147483647;
			files = (
				95CF5E072B991F0400F5AB7E /* BlooUITestsLaunchTests.swift in Sources */,
				95CF5E052B991F0400F5AB7E /* BlooUITests.swift in Sources */,
			);
			runOnlyForDeploymentPostprocessing = 0;
		};
/* End PBXSourcesBuildPhase section */

/* Begin PBXTargetDependency section */
		95CF5DF82B991F0400F5AB7E /* PBXTargetDependency */ = {
			isa = PBXTargetDependency;
			target = 95CF5DE42B991F0200F5AB7E /* Bloo */;
			targetProxy = 95CF5DF72B991F0400F5AB7E /* PBXContainerItemProxy */;
		};
		95CF5E022B991F0400F5AB7E /* PBXTargetDependency */ = {
			isa = PBXTargetDependency;
			target = 95CF5DE42B991F0200F5AB7E /* Bloo */;
			targetProxy = 95CF5E012B991F0400F5AB7E /* PBXContainerItemProxy */;
		};
/* End PBXTargetDependency section */

/* Begin XCBuildConfiguration section */
		95CF5E082B991F0400F5AB7E /* Debug */ = {
			isa = XCBuildConfiguration;
			buildSettings = {
				ALWAYS_SEARCH_USER_PATHS = NO;
				ASSETCATALOG_COMPILER_GENERATE_SWIFT_ASSET_SYMBOL_EXTENSIONS = YES;
				CLANG_ANALYZER_NONNULL = YES;
				CLANG_ANALYZER_NUMBER_OBJECT_CONVERSION = YES_AGGRESSIVE;
				CLANG_CXX_LANGUAGE_STANDARD = "gnu++20";
				CLANG_ENABLE_MODULES = YES;
				CLANG_ENABLE_OBJC_ARC = YES;
				CLANG_ENABLE_OBJC_WEAK = YES;
				CLANG_WARN_BLOCK_CAPTURE_AUTORELEASING = YES;
				CLANG_WARN_BOOL_CONVERSION = YES;
				CLANG_WARN_COMMA = YES;
				CLANG_WARN_CONSTANT_CONVERSION = YES;
				CLANG_WARN_DEPRECATED_OBJC_IMPLEMENTATIONS = YES;
				CLANG_WARN_DIRECT_OBJC_ISA_USAGE = YES_ERROR;
				CLANG_WARN_DOCUMENTATION_COMMENTS = YES;
				CLANG_WARN_EMPTY_BODY = YES;
				CLANG_WARN_ENUM_CONVERSION = YES;
				CLANG_WARN_INFINITE_RECURSION = YES;
				CLANG_WARN_INT_CONVERSION = YES;
				CLANG_WARN_NON_LITERAL_NULL_CONVERSION = YES;
				CLANG_WARN_OBJC_IMPLICIT_RETAIN_SELF = YES;
				CLANG_WARN_OBJC_LITERAL_CONVERSION = YES;
				CLANG_WARN_OBJC_ROOT_CLASS = YES_ERROR;
				CLANG_WARN_QUOTED_INCLUDE_IN_FRAMEWORK_HEADER = YES;
				CLANG_WARN_RANGE_LOOP_ANALYSIS = YES;
				CLANG_WARN_STRICT_PROTOTYPES = YES;
				CLANG_WARN_SUSPICIOUS_MOVE = YES;
				CLANG_WARN_UNGUARDED_AVAILABILITY = YES_AGGRESSIVE;
				CLANG_WARN_UNREACHABLE_CODE = YES;
				CLANG_WARN__DUPLICATE_METHOD_MATCH = YES;
				COPY_PHASE_STRIP = NO;
				DEAD_CODE_STRIPPING = YES;
				DEBUG_INFORMATION_FORMAT = dwarf;
				ENABLE_STRICT_OBJC_MSGSEND = YES;
				ENABLE_TESTABILITY = YES;
				ENABLE_USER_SCRIPT_SANDBOXING = YES;
				GCC_C_LANGUAGE_STANDARD = gnu17;
				GCC_DYNAMIC_NO_PIC = NO;
				GCC_NO_COMMON_BLOCKS = YES;
				GCC_OPTIMIZATION_LEVEL = 0;
				GCC_PREPROCESSOR_DEFINITIONS = (
					"DEBUG=1",
					"$(inherited)",
				);
				GCC_WARN_64_TO_32_BIT_CONVERSION = YES;
				GCC_WARN_ABOUT_RETURN_TYPE = YES_ERROR;
				GCC_WARN_UNDECLARED_SELECTOR = YES;
				GCC_WARN_UNINITIALIZED_AUTOS = YES_AGGRESSIVE;
				GCC_WARN_UNUSED_FUNCTION = YES;
				GCC_WARN_UNUSED_VARIABLE = YES;
				LOCALIZATION_PREFERS_STRING_CATALOGS = YES;
				MTL_ENABLE_DEBUG_INFO = INCLUDE_SOURCE;
				MTL_FAST_MATH = YES;
				ONLY_ACTIVE_ARCH = YES;
				SWIFT_ACTIVE_COMPILATION_CONDITIONS = "DEBUG $(inherited)";
				SWIFT_OPTIMIZATION_LEVEL = "-Onone";
			};
			name = Debug;
		};
		95CF5E092B991F0400F5AB7E /* Release */ = {
			isa = XCBuildConfiguration;
			buildSettings = {
				ALWAYS_SEARCH_USER_PATHS = NO;
				ASSETCATALOG_COMPILER_GENERATE_SWIFT_ASSET_SYMBOL_EXTENSIONS = YES;
				CLANG_ANALYZER_NONNULL = YES;
				CLANG_ANALYZER_NUMBER_OBJECT_CONVERSION = YES_AGGRESSIVE;
				CLANG_CXX_LANGUAGE_STANDARD = "gnu++20";
				CLANG_ENABLE_MODULES = YES;
				CLANG_ENABLE_OBJC_ARC = YES;
				CLANG_ENABLE_OBJC_WEAK = YES;
				CLANG_WARN_BLOCK_CAPTURE_AUTORELEASING = YES;
				CLANG_WARN_BOOL_CONVERSION = YES;
				CLANG_WARN_COMMA = YES;
				CLANG_WARN_CONSTANT_CONVERSION = YES;
				CLANG_WARN_DEPRECATED_OBJC_IMPLEMENTATIONS = YES;
				CLANG_WARN_DIRECT_OBJC_ISA_USAGE = YES_ERROR;
				CLANG_WARN_DOCUMENTATION_COMMENTS = YES;
				CLANG_WARN_EMPTY_BODY = YES;
				CLANG_WARN_ENUM_CONVERSION = YES;
				CLANG_WARN_INFINITE_RECURSION = YES;
				CLANG_WARN_INT_CONVERSION = YES;
				CLANG_WARN_NON_LITERAL_NULL_CONVERSION = YES;
				CLANG_WARN_OBJC_IMPLICIT_RETAIN_SELF = YES;
				CLANG_WARN_OBJC_LITERAL_CONVERSION = YES;
				CLANG_WARN_OBJC_ROOT_CLASS = YES_ERROR;
				CLANG_WARN_QUOTED_INCLUDE_IN_FRAMEWORK_HEADER = YES;
				CLANG_WARN_RANGE_LOOP_ANALYSIS = YES;
				CLANG_WARN_STRICT_PROTOTYPES = YES;
				CLANG_WARN_SUSPICIOUS_MOVE = YES;
				CLANG_WARN_UNGUARDED_AVAILABILITY = YES_AGGRESSIVE;
				CLANG_WARN_UNREACHABLE_CODE = YES;
				CLANG_WARN__DUPLICATE_METHOD_MATCH = YES;
				COPY_PHASE_STRIP = NO;
				DEAD_CODE_STRIPPING = YES;
				DEBUG_INFORMATION_FORMAT = "dwarf-with-dsym";
				ENABLE_NS_ASSERTIONS = NO;
				ENABLE_STRICT_OBJC_MSGSEND = YES;
				ENABLE_USER_SCRIPT_SANDBOXING = YES;
				GCC_C_LANGUAGE_STANDARD = gnu17;
				GCC_NO_COMMON_BLOCKS = YES;
				GCC_WARN_64_TO_32_BIT_CONVERSION = YES;
				GCC_WARN_ABOUT_RETURN_TYPE = YES_ERROR;
				GCC_WARN_UNDECLARED_SELECTOR = YES;
				GCC_WARN_UNINITIALIZED_AUTOS = YES_AGGRESSIVE;
				GCC_WARN_UNUSED_FUNCTION = YES;
				GCC_WARN_UNUSED_VARIABLE = YES;
				LOCALIZATION_PREFERS_STRING_CATALOGS = YES;
				MTL_ENABLE_DEBUG_INFO = NO;
				MTL_FAST_MATH = YES;
				SWIFT_COMPILATION_MODE = wholemodule;
			};
			name = Release;
		};
		95CF5E0B2B991F0400F5AB7E /* Debug */ = {
			isa = XCBuildConfiguration;
			buildSettings = {
				ASSETCATALOG_COMPILER_APPICON_NAME = AppIcon;
				ASSETCATALOG_COMPILER_GLOBAL_ACCENT_COLOR_NAME = AccentColor;
				CODE_SIGN_ENTITLEMENTS = Bloo/Bloo.entitlements;
				CODE_SIGN_STYLE = Automatic;
				CURRENT_PROJECT_VERSION = 1;
				DEAD_CODE_STRIPPING = YES;
				DEVELOPMENT_ASSET_PATHS = "\"Bloo/Preview Content\"";
				DEVELOPMENT_TEAM = HMT7XKVJZ7;
				ENABLE_PREVIEWS = YES;
				GENERATE_INFOPLIST_FILE = YES;
				INFOPLIST_FILE = Bloo/Info.plist;
				"INFOPLIST_KEY_UIApplicationSceneManifest_Generation[sdk=iphoneos*]" = YES;
				"INFOPLIST_KEY_UIApplicationSceneManifest_Generation[sdk=iphonesimulator*]" = YES;
				"INFOPLIST_KEY_UIApplicationSupportsIndirectInputEvents[sdk=iphoneos*]" = YES;
				"INFOPLIST_KEY_UIApplicationSupportsIndirectInputEvents[sdk=iphonesimulator*]" = YES;
				"INFOPLIST_KEY_UILaunchScreen_Generation[sdk=iphoneos*]" = YES;
				"INFOPLIST_KEY_UILaunchScreen_Generation[sdk=iphonesimulator*]" = YES;
				"INFOPLIST_KEY_UIStatusBarStyle[sdk=iphoneos*]" = UIStatusBarStyleDefault;
				"INFOPLIST_KEY_UIStatusBarStyle[sdk=iphonesimulator*]" = UIStatusBarStyleDefault;
				INFOPLIST_KEY_UISupportedInterfaceOrientations_iPad = "UIInterfaceOrientationPortrait UIInterfaceOrientationPortraitUpsideDown UIInterfaceOrientationLandscapeLeft UIInterfaceOrientationLandscapeRight";
				INFOPLIST_KEY_UISupportedInterfaceOrientations_iPhone = "UIInterfaceOrientationPortrait UIInterfaceOrientationLandscapeLeft UIInterfaceOrientationLandscapeRight";
				IPHONEOS_DEPLOYMENT_TARGET = 17.0;
				LD_RUNPATH_SEARCH_PATHS = "@executable_path/Frameworks";
				"LD_RUNPATH_SEARCH_PATHS[sdk=macosx*]" = "@executable_path/../Frameworks";
				MACOSX_DEPLOYMENT_TARGET = 14.0;
				MARKETING_VERSION = 1.0;
				PRODUCT_BUNDLE_IDENTIFIER = lesnoy.Bloo;
				PRODUCT_NAME = "$(TARGET_NAME)";
				SDKROOT = auto;
				SUPPORTED_PLATFORMS = "iphoneos iphonesimulator macosx";
				SWIFT_EMIT_LOC_STRINGS = YES;
				SWIFT_VERSION = 5.0;
				TARGETED_DEVICE_FAMILY = "1,2";
			};
			name = Debug;
		};
		95CF5E0C2B991F0400F5AB7E /* Release */ = {
			isa = XCBuildConfiguration;
			buildSettings = {
				ASSETCATALOG_COMPILER_APPICON_NAME = AppIcon;
				ASSETCATALOG_COMPILER_GLOBAL_ACCENT_COLOR_NAME = AccentColor;
				CODE_SIGN_ENTITLEMENTS = Bloo/Bloo.entitlements;
				CODE_SIGN_STYLE = Automatic;
				CURRENT_PROJECT_VERSION = 1;
				DEAD_CODE_STRIPPING = YES;
				DEVELOPMENT_ASSET_PATHS = "\"Bloo/Preview Content\"";
				DEVELOPMENT_TEAM = HMT7XKVJZ7;
				ENABLE_PREVIEWS = YES;
				GENERATE_INFOPLIST_FILE = YES;
				INFOPLIST_FILE = Bloo/Info.plist;
				"INFOPLIST_KEY_UIApplicationSceneManifest_Generation[sdk=iphoneos*]" = YES;
				"INFOPLIST_KEY_UIApplicationSceneManifest_Generation[sdk=iphonesimulator*]" = YES;
				"INFOPLIST_KEY_UIApplicationSupportsIndirectInputEvents[sdk=iphoneos*]" = YES;
				"INFOPLIST_KEY_UIApplicationSupportsIndirectInputEvents[sdk=iphonesimulator*]" = YES;
				"INFOPLIST_KEY_UILaunchScreen_Generation[sdk=iphoneos*]" = YES;
				"INFOPLIST_KEY_UILaunchScreen_Generation[sdk=iphonesimulator*]" = YES;
				"INFOPLIST_KEY_UIStatusBarStyle[sdk=iphoneos*]" = UIStatusBarStyleDefault;
				"INFOPLIST_KEY_UIStatusBarStyle[sdk=iphonesimulator*]" = UIStatusBarStyleDefault;
				INFOPLIST_KEY_UISupportedInterfaceOrientations_iPad = "UIInterfaceOrientationPortrait UIInterfaceOrientationPortraitUpsideDown UIInterfaceOrientationLandscapeLeft UIInterfaceOrientationLandscapeRight";
				INFOPLIST_KEY_UISupportedInterfaceOrientations_iPhone = "UIInterfaceOrientationPortrait UIInterfaceOrientationLandscapeLeft UIInterfaceOrientationLandscapeRight";
				IPHONEOS_DEPLOYMENT_TARGET = 17.0;
				LD_RUNPATH_SEARCH_PATHS = "@executable_path/Frameworks";
				"LD_RUNPATH_SEARCH_PATHS[sdk=macosx*]" = "@executable_path/../Frameworks";
				MACOSX_DEPLOYMENT_TARGET = 14.0;
				MARKETING_VERSION = 1.0;
				PRODUCT_BUNDLE_IDENTIFIER = lesnoy.Bloo;
				PRODUCT_NAME = "$(TARGET_NAME)";
				SDKROOT = auto;
				SUPPORTED_PLATFORMS = "iphoneos iphonesimulator macosx";
				SWIFT_EMIT_LOC_STRINGS = YES;
				SWIFT_VERSION = 5.0;
				TARGETED_DEVICE_FAMILY = "1,2";
			};
			name = Release;
		};
		95CF5E0E2B991F0400F5AB7E /* Debug */ = {
			isa = XCBuildConfiguration;
			buildSettings = {
				ALWAYS_EMBED_SWIFT_STANDARD_LIBRARIES = YES;
				BUNDLE_LOADER = "$(TEST_HOST)";
				CODE_SIGN_STYLE = Automatic;
				CURRENT_PROJECT_VERSION = 1;
				DEAD_CODE_STRIPPING = YES;
				GENERATE_INFOPLIST_FILE = YES;
				IPHONEOS_DEPLOYMENT_TARGET = 17.0;
				MACOSX_DEPLOYMENT_TARGET = 14.0;
				MARKETING_VERSION = 1.0;
				PRODUCT_BUNDLE_IDENTIFIER = lesnoy.BlooTests;
				PRODUCT_NAME = "$(TARGET_NAME)";
				SDKROOT = auto;
				SUPPORTED_PLATFORMS = "iphoneos iphonesimulator macosx";
				SWIFT_EMIT_LOC_STRINGS = NO;
				SWIFT_VERSION = 5.0;
				TARGETED_DEVICE_FAMILY = "1,2";
				TEST_HOST = "$(BUILT_PRODUCTS_DIR)/Bloo.app/$(BUNDLE_EXECUTABLE_FOLDER_PATH)/Bloo";
			};
			name = Debug;
		};
		95CF5E0F2B991F0400F5AB7E /* Release */ = {
			isa = XCBuildConfiguration;
			buildSettings = {
				ALWAYS_EMBED_SWIFT_STANDARD_LIBRARIES = YES;
				BUNDLE_LOADER = "$(TEST_HOST)";
				CODE_SIGN_STYLE = Automatic;
				CURRENT_PROJECT_VERSION = 1;
				DEAD_CODE_STRIPPING = YES;
				GENERATE_INFOPLIST_FILE = YES;
				IPHONEOS_DEPLOYMENT_TARGET = 17.0;
				MACOSX_DEPLOYMENT_TARGET = 14.0;
				MARKETING_VERSION = 1.0;
				PRODUCT_BUNDLE_IDENTIFIER = lesnoy.BlooTests;
				PRODUCT_NAME = "$(TARGET_NAME)";
				SDKROOT = auto;
				SUPPORTED_PLATFORMS = "iphoneos iphonesimulator macosx";
				SWIFT_EMIT_LOC_STRINGS = NO;
				SWIFT_VERSION = 5.0;
				TARGETED_DEVICE_FAMILY = "1,2";
				TEST_HOST = "$(BUILT_PRODUCTS_DIR)/Bloo.app/$(BUNDLE_EXECUTABLE_FOLDER_PATH)/Bloo";
			};
			name = Release;
		};
		95CF5E112B991F0400F5AB7E /* Debug */ = {
			isa = XCBuildConfiguration;
			buildSettings = {
				ALWAYS_EMBED_SWIFT_STANDARD_LIBRARIES = YES;
				CODE_SIGN_STYLE = Automatic;
				CURRENT_PROJECT_VERSION = 1;
				DEAD_CODE_STRIPPING = YES;
				GENERATE_INFOPLIST_FILE = YES;
				IPHONEOS_DEPLOYMENT_TARGET = 17.0;
				MACOSX_DEPLOYMENT_TARGET = 14.0;
				MARKETING_VERSION = 1.0;
				PRODUCT_BUNDLE_IDENTIFIER = lesnoy.BlooUITests;
				PRODUCT_NAME = "$(TARGET_NAME)";
				SDKROOT = auto;
				SUPPORTED_PLATFORMS = "iphoneos iphonesimulator macosx";
				SWIFT_EMIT_LOC_STRINGS = NO;
				SWIFT_VERSION = 5.0;
				TARGETED_DEVICE_FAMILY = "1,2";
				TEST_TARGET_NAME = Bloo;
			};
			name = Debug;
		};
		95CF5E122B991F0400F5AB7E /* Release */ = {
			isa = XCBuildConfiguration;
			buildSettings = {
				ALWAYS_EMBED_SWIFT_STANDARD_LIBRARIES = YES;
				CODE_SIGN_STYLE = Automatic;
				CURRENT_PROJECT_VERSION = 1;
				DEAD_CODE_STRIPPING = YES;
				GENERATE_INFOPLIST_FILE = YES;
				IPHONEOS_DEPLOYMENT_TARGET = 17.0;
				MACOSX_DEPLOYMENT_TARGET = 14.0;
				MARKETING_VERSION = 1.0;
				PRODUCT_BUNDLE_IDENTIFIER = lesnoy.BlooUITests;
				PRODUCT_NAME = "$(TARGET_NAME)";
				SDKROOT = auto;
				SUPPORTED_PLATFORMS = "iphoneos iphonesimulator macosx";
				SWIFT_EMIT_LOC_STRINGS = NO;
				SWIFT_VERSION = 5.0;
				TARGETED_DEVICE_FAMILY = "1,2";
				TEST_TARGET_NAME = Bloo;
			};
			name = Release;
		};
/* End XCBuildConfiguration section */

/* Begin XCConfigurationList section */
		95CF5DE02B991F0200F5AB7E /* Build configuration list for PBXProject "Bloo" */ = {
			isa = XCConfigurationList;
			buildConfigurations = (
				95CF5E082B991F0400F5AB7E /* Debug */,
				95CF5E092B991F0400F5AB7E /* Release */,
			);
			defaultConfigurationIsVisible = 0;
			defaultConfigurationName = Release;
		};
		95CF5E0A2B991F0400F5AB7E /* Build configuration list for PBXNativeTarget "Bloo" */ = {
			isa = XCConfigurationList;
			buildConfigurations = (
				95CF5E0B2B991F0400F5AB7E /* Debug */,
				95CF5E0C2B991F0400F5AB7E /* Release */,
			);
			defaultConfigurationIsVisible = 0;
			defaultConfigurationName = Release;
		};
		95CF5E0D2B991F0400F5AB7E /* Build configuration list for PBXNativeTarget "BlooTests" */ = {
			isa = XCConfigurationList;
			buildConfigurations = (
				95CF5E0E2B991F0400F5AB7E /* Debug */,
				95CF5E0F2B991F0400F5AB7E /* Release */,
			);
			defaultConfigurationIsVisible = 0;
			defaultConfigurationName = Release;
		};
		95CF5E102B991F0400F5AB7E /* Build configuration list for PBXNativeTarget "BlooUITests" */ = {
			isa = XCConfigurationList;
			buildConfigurations = (
				95CF5E112B991F0400F5AB7E /* Debug */,
				95CF5E122B991F0400F5AB7E /* Release */,
			);
			defaultConfigurationIsVisible = 0;
			defaultConfigurationName = Release;
		};
/* End XCConfigurationList section */
	};
	rootObject = 95CF5DDD2B991F0200F5AB7E /* Project object */;
}
